
Microsoft Visual Studio Solution File, Format Version 12.00
# Visual Studio Version 17
VisualStudioVersion = 17.6.33723.286
MinimumVisualStudioVersion = 10.0.40219.1
Project("{FAE04EC0-301F-11D3-BF4B-00C04F79EFBC}") = "backend", "backend\backend.csproj", "{ACA0BED1-3793-42E2-B949-201C0B99DF6E}"
EndProject
Global
	GlobalSection(SolutionConfigurationPlatforms) = preSolution
		Debug|Any CPU = Debug|Any CPU
		Release|Any CPU = Release|Any CPU
	EndGlobalSection
	GlobalSection(ProjectConfigurationPlatforms) = postSolution
		{ACA0BED1-3793-42E2-B949-201C0B99DF6E}.Debug|Any CPU.ActiveCfg = Debug|Any CPU
		{ACA0BED1-3793-42E2-B949-201C0B99DF6E}.Debug|Any CPU.Build.0 = Debug|Any CPU
		{ACA0BED1-3793-42E2-B949-201C0B99DF6E}.Release|Any CPU.ActiveCfg = Release|Any CPU
		{ACA0BED1-3793-42E2-B949-201C0B99DF6E}.Release|Any CPU.Build.0 = Release|Any CPU
	EndGlobalSection
	GlobalSection(SolutionProperties) = preSolution
		HideSolutionNode = FALSE
	EndGlobalSection
	GlobalSection(ExtensibilityGlobals) = postSolution
		SolutionGuid = {F7EA5046-64FB-46EE-A8D3-396A9BBEA5A8}
	EndGlobalSection
EndGlobal
